
Microsoft Visual Studio Solution File, Format Version 12.00
# Visual Studio Version 16
VisualStudioVersion = 16.0.30114.105
MinimumVisualStudioVersion = 10.0.40219.1
Project("{9A19103F-16F7-4668-BE54-9A1E7A4F7556}") = "ThrowOptimizer", "ThrowOptimizer\ThrowOptimizer.csproj", "{3BE41A3F-EFD4-4082-9613-6BF65C140526}"
EndProject
Project("{9A19103F-16F7-4668-BE54-9A1E7A4F7556}") = "ThrowOptimizer.Tasks", "ThrowOptimizer.Tasks\ThrowOptimizer.Tasks.csproj", "{0D09FECB-758D-4FEB-B212-A9DE8662BD4C}"
EndProject
Project("{9A19103F-16F7-4668-BE54-9A1E7A4F7556}") = "ThrowOptimizer.Console", "ThrowOptimizer.Console\ThrowOptimizer.Console.csproj", "{DE14B1D8-BA15-4E84-9136-F28CBABDCB3E}"
EndProject
Project("{9A19103F-16F7-4668-BE54-9A1E7A4F7556}") = "ThrowOptimizer.Tests", "ThrowOptimizer.Tests\ThrowOptimizer.Tests.csproj", "{AEAA2BC2-02BC-46BB-94BD-075C536285D8}"
EndProject
Project("{FAE04EC0-301F-11D3-BF4B-00C04F79EFBC}") = "ThrowOptimizer.Tests.Code", "ThrowOptimizer.Tests.Code\ThrowOptimizer.Tests.Code.csproj", "{DB8A70AA-E4FB-44EB-B2C6-E52F6DC708CF}"
EndProject
Global
	GlobalSection(SolutionConfigurationPlatforms) = preSolution
		Debug|Any CPU = Debug|Any CPU
		Release|Any CPU = Release|Any CPU
	EndGlobalSection
	GlobalSection(ProjectConfigurationPlatforms) = postSolution
		{3BE41A3F-EFD4-4082-9613-6BF65C140526}.Debug|Any CPU.ActiveCfg = Debug|Any CPU
		{3BE41A3F-EFD4-4082-9613-6BF65C140526}.Debug|Any CPU.Build.0 = Debug|Any CPU
		{3BE41A3F-EFD4-4082-9613-6BF65C140526}.Release|Any CPU.ActiveCfg = Release|Any CPU
		{3BE41A3F-EFD4-4082-9613-6BF65C140526}.Release|Any CPU.Build.0 = Release|Any CPU
		{0D09FECB-758D-4FEB-B212-A9DE8662BD4C}.Debug|Any CPU.ActiveCfg = Debug|Any CPU
		{0D09FECB-758D-4FEB-B212-A9DE8662BD4C}.Debug|Any CPU.Build.0 = Debug|Any CPU
		{0D09FECB-758D-4FEB-B212-A9DE8662BD4C}.Release|Any CPU.ActiveCfg = Release|Any CPU
		{0D09FECB-758D-4FEB-B212-A9DE8662BD4C}.Release|Any CPU.Build.0 = Release|Any CPU
		{DE14B1D8-BA15-4E84-9136-F28CBABDCB3E}.Debug|Any CPU.ActiveCfg = Debug|Any CPU
		{DE14B1D8-BA15-4E84-9136-F28CBABDCB3E}.Debug|Any CPU.Build.0 = Debug|Any CPU
		{DE14B1D8-BA15-4E84-9136-F28CBABDCB3E}.Release|Any CPU.ActiveCfg = Release|Any CPU
		{DE14B1D8-BA15-4E84-9136-F28CBABDCB3E}.Release|Any CPU.Build.0 = Release|Any CPU
		{AEAA2BC2-02BC-46BB-94BD-075C536285D8}.Debug|Any CPU.ActiveCfg = Debug|Any CPU
		{AEAA2BC2-02BC-46BB-94BD-075C536285D8}.Debug|Any CPU.Build.0 = Debug|Any CPU
		{AEAA2BC2-02BC-46BB-94BD-075C536285D8}.Release|Any CPU.ActiveCfg = Release|Any CPU
		{AEAA2BC2-02BC-46BB-94BD-075C536285D8}.Release|Any CPU.Build.0 = Release|Any CPU
		{DB8A70AA-E4FB-44EB-B2C6-E52F6DC708CF}.Debug|Any CPU.ActiveCfg = Debug|Any CPU
		{DB8A70AA-E4FB-44EB-B2C6-E52F6DC708CF}.Debug|Any CPU.Build.0 = Debug|Any CPU
		{DB8A70AA-E4FB-44EB-B2C6-E52F6DC708CF}.Release|Any CPU.ActiveCfg = Release|Any CPU
		{DB8A70AA-E4FB-44EB-B2C6-E52F6DC708CF}.Release|Any CPU.Build.0 = Release|Any CPU
	EndGlobalSection
	GlobalSection(SolutionProperties) = preSolution
		HideSolutionNode = FALSE
	EndGlobalSection
	GlobalSection(ExtensibilityGlobals) = postSolution
		SolutionGuid = {D5469CA7-6619-450F-A1C7-D833F9E07FED}
	EndGlobalSection
EndGlobal
